
Microsoft Visual Studio Solution File, Format Version 12.00
# Visual Studio Version 17
VisualStudioVersion = 17.0.32014.148
MinimumVisualStudioVersion = 10.0.40219.1
Project("{FAE04EC0-301F-11D3-BF4B-00C04F79EFBC}") = "Monitor", "Monitor\Monitor.csproj", "{82204B54-990B-46C1-833C-E1F195DC278F}"
EndProject
Global
	GlobalSection(SolutionConfigurationPlatforms) = preSolution
		Debug|Any CPU = Debug|Any CPU
		Release|Any CPU = Release|Any CPU
	EndGlobalSection
	GlobalSection(ProjectConfigurationPlatforms) = postSolution
		{82204B54-990B-46C1-833C-E1F195DC278F}.Debug|Any CPU.ActiveCfg = Debug|Any CPU
		{82204B54-990B-46C1-833C-E1F195DC278F}.Debug|Any CPU.Build.0 = Debug|Any CPU
		{82204B54-990B-46C1-833C-E1F195DC278F}.Release|Any CPU.ActiveCfg = Release|Any CPU
		{82204B54-990B-46C1-833C-E1F195DC278F}.Release|Any CPU.Build.0 = Release|Any CPU
	EndGlobalSection
	GlobalSection(SolutionProperties) = preSolution
		HideSolutionNode = FALSE
	EndGlobalSection
	GlobalSection(ExtensibilityGlobals) = postSolution
		SolutionGuid = {76D13DDD-65CF-45C6-AD18-57141D242F0B}
	EndGlobalSection
EndGlobal
